
Microsoft Visual Studio Solution File, Format Version 12.00
# Visual Studio 2012
Project("{FAE04EC0-301F-11D3-BF4B-00C04F79EFBC}") = "Carsaleproject", "Carsaleproject\Carsaleproject.csproj", "{10FE6FBD-C198-47AA-B42A-BE4137A3AF8C}"
EndProject
Global
	GlobalSection(SolutionConfigurationPlatforms) = preSolution
		Debug|Any CPU = Debug|Any CPU
		Release|Any CPU = Release|Any CPU
	EndGlobalSection
	GlobalSection(ProjectConfigurationPlatforms) = postSolution
		{10FE6FBD-C198-47AA-B42A-BE4137A3AF8C}.Debug|Any CPU.ActiveCfg = Debug|Any CPU
		{10FE6FBD-C198-47AA-B42A-BE4137A3AF8C}.Debug|Any CPU.Build.0 = Debug|Any CPU
		{10FE6FBD-C198-47AA-B42A-BE4137A3AF8C}.Release|Any CPU.ActiveCfg = Release|Any CPU
		{10FE6FBD-C198-47AA-B42A-BE4137A3AF8C}.Release|Any CPU.Build.0 = Release|Any CPU
	EndGlobalSection
	GlobalSection(SolutionProperties) = preSolution
		HideSolutionNode = FALSE
	EndGlobalSection
EndGlobal
